// !$*UTF8*$!
{
	archiveVersion = 1;
	classes = {
	};
	objectVersion = 50;
	objects = {

/* Begin PBXBuildFile section */
		E343843D21099F9500FB9949 /* AppDelegate.m in Sources */ = {isa = PBXBuildFile; fileRef = E343843C21099F9500FB9949 /* AppDelegate.m */; };
		E343844021099F9500FB9949 /* ViewController.m in Sources */ = {isa = PBXBuildFile; fileRef = E343843F21099F9500FB9949 /* ViewController.m */; };
		E343844321099F9500FB9949 /* Main.storyboard in Resources */ = {isa = PBXBuildFile; fileRef = E343844121099F9500FB9949 /* Main.storyboard */; };
		E343844521099F9600FB9949 /* Assets.xcassets in Resources */ = {isa = PBXBuildFile; fileRef = E343844421099F9600FB9949 /* Assets.xcassets */; };
		E343844821099F9600FB9949 /* LaunchScreen.storyboard in Resources */ = {isa = PBXBuildFile; fileRef = E343844621099F9600FB9949 /* LaunchScreen.storyboard */; };
		E343844B21099F9600FB9949 /* main.m in Sources */ = {isa = PBXBuildFile; fileRef = E343844A21099F9600FB9949 /* main.m */; };
		E34384532109A15900FB9949 /* NNSubclassView.m in Sources */ = {isa = PBXBuildFile; fileRef = E34384522109A15900FB9949 /* NNSubclassView.m */; };
		E34384562109A17000FB9949 /* NNParentClassView.m in Sources */ = {isa = PBXBuildFile; fileRef = E34384552109A17000FB9949 /* NNParentClassView.m */; };
		E34384592109A19500FB9949 /* NNSubclassView+extension.m in Sources */ = {isa = PBXBuildFile; fileRef = E34384582109A19500FB9949 /* NNSubclassView+extension.m */; };
		E343845C2109A1AA00FB9949 /* NNParentClassView+extension.m in Sources */ = {isa = PBXBuildFile; fileRef = E343845B2109A1AA00FB9949 /* NNParentClassView+extension.m */; };
		E343845F2109A6B800FB9949 /* NNSubViewController.m in Sources */ = {isa = PBXBuildFile; fileRef = E343845E2109A6B800FB9949 /* NNSubViewController.m */; };
		E34384622109A78100FB9949 /* ViewController+extension.m in Sources */ = {isa = PBXBuildFile; fileRef = E34384612109A78100FB9949 /* ViewController+extension.m */; };
		E34384652109A79300FB9949 /* NNSubViewController+extension.m in Sources */ = {isa = PBXBuildFile; fileRef = E34384642109A79300FB9949 /* NNSubViewController+extension.m */; };
/* End PBXBuildFile section */

/* Begin PBXFileReference section */
		E343843821099F9500FB9949 /* NNLoad.app */ = {isa = PBXFileReference; explicitFileType = wrapper.application; includeInIndex = 0; path = NNLoad.app; sourceTree = BUILT_PRODUCTS_DIR; };
		E343843B21099F9500FB9949 /* AppDelegate.h */ = {isa = PBXFileReference; lastKnownFileType = sourcecode.c.h; path = AppDelegate.h; sourceTree = "<group>"; };
		E343843C21099F9500FB9949 /* AppDelegate.m */ = {isa = PBXFileReference; lastKnownFileType = sourcecode.c.objc; path = AppDelegate.m; sourceTree = "<group>"; };
		E343843E21099F9500FB9949 /* ViewController.h */ = {isa = PBXFileReference; lastKnownFileType = sourcecode.c.h; path = ViewController.h; sourceTree = "<group>"; };
		E343843F21099F9500FB9949 /* ViewController.m */ = {isa = PBXFileReference; lastKnownFileType = sourcecode.c.objc; path = ViewController.m; sourceTree = "<group>"; };
		E343844221099F9500FB9949 /* Base */ = {isa = PBXFileReference; lastKnownFileType = file.storyboard; name = Base; path = Base.lproj/Main.storyboard; sourceTree = "<group>"; };
		E343844421099F9600FB9949 /* Assets.xcassets */ = {isa = PBXFileReference; lastKnownFileType = folder.assetcatalog; path = Assets.xcassets; sourceTree = "<group>"; };
		E343844721099F9600FB9949 /* Base */ = {isa = PBXFileReference; lastKnownFileType = file.storyboard; name = Base; path = Base.lproj/LaunchScreen.storyboard; sourceTree = "<group>"; };
		E343844921099F9600FB9949 /* Info.plist */ = {isa = PBXFileReference; lastKnownFileType = text.plist.xml; path = Info.plist; sourceTree = "<group>"; };
		E343844A21099F9600FB9949 /* main.m */ = {isa = PBXFileReference; lastKnownFileType = sourcecode.c.objc; path = main.m; sourceTree = "<group>"; };
		E34384512109A15900FB9949 /* NNSubclassView.h */ = {isa = PBXFileReference; lastKnownFileType = sourcecode.c.h; path = NNSubclassView.h; sourceTree = "<group>"; };
		E34384522109A15900FB9949 /* NNSubclassView.m */ = {isa = PBXFileReference; lastKnownFileType = sourcecode.c.objc; path = NNSubclassView.m; sourceTree = "<group>"; };
		E34384542109A17000FB9949 /* NNParentClassView.h */ = {isa = PBXFileReference; lastKnownFileType = sourcecode.c.h; path = NNParentClassView.h; sourceTree = "<group>"; };
		E34384552109A17000FB9949 /* NNParentClassView.m */ = {isa = PBXFileReference; lastKnownFileType = sourcecode.c.objc; path = NNParentClassView.m; sourceTree = "<group>"; };
		E34384572109A19500FB9949 /* NNSubclassView+extension.h */ = {isa = PBXFileReference; lastKnownFileType = sourcecode.c.h; path = "NNSubclassView+extension.h"; sourceTree = "<group>"; };
		E34384582109A19500FB9949 /* NNSubclassView+extension.m */ = {isa = PBXFileReference; lastKnownFileType = sourcecode.c.objc; path = "NNSubclassView+extension.m"; sourceTree = "<group>"; };
		E343845A2109A1AA00FB9949 /* NNParentClassView+extension.h */ = {isa = PBXFileReference; lastKnownFileType = sourcecode.c.h; path = "NNParentClassView+extension.h"; sourceTree = "<group>"; };
		E343845B2109A1AA00FB9949 /* NNParentClassView+extension.m */ = {isa = PBXFileReference; lastKnownFileType = sourcecode.c.objc; path = "NNParentClassView+extension.m"; sourceTree = "<group>"; };
		E343845D2109A6B800FB9949 /* NNSubViewController.h */ = {isa = PBXFileReference; lastKnownFileType = sourcecode.c.h; path = NNSubViewController.h; sourceTree = "<group>"; };
		E343845E2109A6B800FB9949 /* NNSubViewController.m */ = {isa = PBXFileReference; lastKnownFileType = sourcecode.c.objc; path = NNSubViewController.m; sourceTree = "<group>"; };
		E34384602109A78100FB9949 /* ViewController+extension.h */ = {isa = PBXFileReference; lastKnownFileType = sourcecode.c.h; path = "ViewController+extension.h"; sourceTree = "<group>"; };
		E34384612109A78100FB9949 /* ViewController+extension.m */ = {isa = PBXFileReference; lastKnownFileType = sourcecode.c.objc; path = "ViewController+extension.m"; sourceTree = "<group>"; };
		E34384632109A79300FB9949 /* NNSubViewController+extension.h */ = {isa = PBXFileReference; lastKnownFileType = sourcecode.c.h; path = "NNSubViewController+extension.h"; sourceTree = "<group>"; };
		E34384642109A79300FB9949 /* NNSubViewController+extension.m */ = {isa = PBXFileReference; lastKnownFileType = sourcecode.c.objc; path = "NNSubViewController+extension.m"; sourceTree = "<group>"; };
/* End PBXFileReference section */

/* Begin PBXFrameworksBuildPhase section */
		E343843521099F9500FB9949 /* Frameworks */ = {
			isa = PBXFrameworksBuildPhase;
			buildActionMask = 2147483647;
			files = (
			);
			runOnlyForDeploymentPostprocessing = 0;
		};
/* End PBXFrameworksBuildPhase section */

/* Begin PBXGroup section */
		E343842F21099F9500FB9949 = {
			isa = PBXGroup;
			children = (
				E343843A21099F9500FB9949 /* NNLoad */,
				E343843921099F9500FB9949 /* Products */,
			);
			sourceTree = "<group>";
		};
		E343843921099F9500FB9949 /* Products */ = {
			isa = PBXGroup;
			children = (
				E343843821099F9500FB9949 /* NNLoad.app */,
			);
			name = Products;
			sourceTree = "<group>";
		};
		E343843A21099F9500FB9949 /* NNLoad */ = {
			isa = PBXGroup;
			children = (
				E343843B21099F9500FB9949 /* AppDelegate.h */,
				E343843C21099F9500FB9949 /* AppDelegate.m */,
				E343843E21099F9500FB9949 /* ViewController.h */,
				E343843F21099F9500FB9949 /* ViewController.m */,
				E34384602109A78100FB9949 /* ViewController+extension.h */,
				E34384612109A78100FB9949 /* ViewController+extension.m */,
				E343845D2109A6B800FB9949 /* NNSubViewController.h */,
				E343845E2109A6B800FB9949 /* NNSubViewController.m */,
				E34384632109A79300FB9949 /* NNSubViewController+extension.h */,
				E34384642109A79300FB9949 /* NNSubViewController+extension.m */,
				E34384542109A17000FB9949 /* NNParentClassView.h */,
				E34384552109A17000FB9949 /* NNParentClassView.m */,
				E343845A2109A1AA00FB9949 /* NNParentClassView+extension.h */,
				E343845B2109A1AA00FB9949 /* NNParentClassView+extension.m */,
				E34384512109A15900FB9949 /* NNSubclassView.h */,
				E34384522109A15900FB9949 /* NNSubclassView.m */,
				E34384572109A19500FB9949 /* NNSubclassView+extension.h */,
				E34384582109A19500FB9949 /* NNSubclassView+extension.m */,
				E343844121099F9500FB9949 /* Main.storyboard */,
				E343844421099F9600FB9949 /* Assets.xcassets */,
				E343844621099F9600FB9949 /* LaunchScreen.storyboard */,
				E343844921099F9600FB9949 /* Info.plist */,
				E343844A21099F9600FB9949 /* main.m */,
			);
			path = NNLoad;
			sourceTree = "<group>";
		};
/* End PBXGroup section */

/* Begin PBXNativeTarget section */
		E343843721099F9500FB9949 /* NNLoad */ = {
			isa = PBXNativeTarget;
			buildConfigurationList = E343844E21099F9600FB9949 /* Build configuration list for PBXNativeTarget "NNLoad" */;
			buildPhases = (
				E343843421099F9500FB9949 /* Sources */,
				E343843521099F9500FB9949 /* Frameworks */,
				E343843621099F9500FB9949 /* Resources */,
			);
			buildRules = (
			);
			dependencies = (
			);
			name = NNLoad;
			productName = NNLoad;
			productReference = E343843821099F9500FB9949 /* NNLoad.app */;
			productType = "com.apple.product-type.application";
		};
/* End PBXNativeTarget section */

/* Begin PBXProject section */
		E343843021099F9500FB9949 /* Project object */ = {
			isa = PBXProject;
			attributes = {
				CLASSPREFIX = NN;
				LastUpgradeCheck = 0940;
				ORGANIZATIONNAME = "刘朋坤";
				TargetAttributes = {
					E343843721099F9500FB9949 = {
						CreatedOnToolsVersion = 9.4.1;
					};
				};
			};
			buildConfigurationList = E343843321099F9500FB9949 /* Build configuration list for PBXProject "NNLoad" */;
			compatibilityVersion = "Xcode 9.3";
			developmentRegion = en;
			hasScannedForEncodings = 0;
			knownRegions = (
				en,
				Base,
			);
			mainGroup = E343842F21099F9500FB9949;
			productRefGroup = E343843921099F9500FB9949 /* Products */;
			projectDirPath = "";
			projectRoot = "";
			targets = (
				E343843721099F9500FB9949 /* NNLoad */,
			);
		};
/* End PBXProject section */

/* Begin PBXResourcesBuildPhase section */
		E343843621099F9500FB9949 /* Resources */ = {
			isa = PBXResourcesBuildPhase;
			buildActionMask = 2147483647;
			files = (
				E343844821099F9600FB9949 /* LaunchScreen.storyboard in Resources */,
				E343844521099F9600FB9949 /* Assets.xcassets in Resources */,
				E343844321099F9500FB9949 /* Main.storyboard in Resources */,
			);
			runOnlyForDeploymentPostprocessing = 0;
		};
/* End PBXResourcesBuildPhase section */

/* Begin PBXSourcesBuildPhase section */
		E343843421099F9500FB9949 /* Sources */ = {
			isa = PBXSourcesBuildPhase;
			buildActionMask = 2147483647;
			files = (
				E343844021099F9500FB9949 /* ViewController.m in Sources */,
				E343844B21099F9600FB9949 /* main.m in Sources */,
				E34384592109A19500FB9949 /* NNSubclassView+extension.m in Sources */,
				E34384652109A79300FB9949 /* NNSubViewController+extension.m in Sources */,
				E34384562109A17000FB9949 /* NNParentClassView.m in Sources */,
				E34384532109A15900FB9949 /* NNSubclassView.m in Sources */,
				E343845F2109A6B800FB9949 /* NNSubViewController.m in Sources */,
				E343843D21099F9500FB9949 /* AppDelegate.m in Sources */,
				E34384622109A78100FB9949 /* ViewController+extension.m in Sources */,
				E343845C2109A1AA00FB9949 /* NNParentClassView+extension.m in Sources */,
			);
			runOnlyForDeploymentPostprocessing = 0;
		};
/* End PBXSourcesBuildPhase section */

/* Begin PBXVariantGroup section */
		E343844121099F9500FB9949 /* Main.storyboard */ = {
			isa = PBXVariantGroup;
			children = (
				E343844221099F9500FB9949 /* Base */,
			);
			name = Main.storyboard;
			sourceTree = "<group>";
		};
		E343844621099F9600FB9949 /* LaunchScreen.storyboard */ = {
			isa = PBXVariantGroup;
			children = (
				E343844721099F9600FB9949 /* Base */,
			);
			name = LaunchScreen.storyboard;
			sourceTree = "<group>";
		};
/* End PBXVariantGroup section */

/* Begin XCBuildConfiguration section */
		E343844C21099F9600FB9949 /* Debug */ = {
			isa = XCBuildConfiguration;
			buildSettings = {
				ALWAYS_SEARCH_USER_PATHS = NO;
				CLANG_ANALYZER_NONNULL = YES;
				CLANG_ANALYZER_NUMBER_OBJECT_CONVERSION = YES_AGGRESSIVE;
				CLANG_CXX_LANGUAGE_STANDARD = "gnu++14";
				CLANG_CXX_LIBRARY = "libc++";
				CLANG_ENABLE_MODULES = YES;
				CLANG_ENABLE_OBJC_ARC = YES;
				CLANG_ENABLE_OBJC_WEAK = YES;
				CLANG_WARN_BLOCK_CAPTURE_AUTORELEASING = YES;
				CLANG_WARN_BOOL_CONVERSION = YES;
				CLANG_WARN_COMMA = YES;
				CLANG_WARN_CONSTANT_CONVERSION = YES;
				CLANG_WARN_DEPRECATED_OBJC_IMPLEMENTATIONS = YES;
				CLANG_WARN_DIRECT_OBJC_ISA_USAGE = YES_ERROR;
				CLANG_WARN_DOCUMENTATION_COMMENTS = YES;
				CLANG_WARN_EMPTY_BODY = YES;
				CLANG_WARN_ENUM_CONVERSION = YES;
				CLANG_WARN_INFINITE_RECURSION = YES;
				CLANG_WARN_INT_CONVERSION = YES;
				CLANG_WARN_NON_LITERAL_NULL_CONVERSION = YES;
				CLANG_WARN_OBJC_IMPLICIT_RETAIN_SELF = YES;
				CLANG_WARN_OBJC_LITERAL_CONVERSION = YES;
				CLANG_WARN_OBJC_ROOT_CLASS = YES_ERROR;
				CLANG_WARN_RANGE_LOOP_ANALYSIS = YES;
				CLANG_WARN_STRICT_PROTOTYPES = YES;
				CLANG_WARN_SUSPICIOUS_MOVE = YES;
				CLANG_WARN_UNGUARDED_AVAILABILITY = YES_AGGRESSIVE;
				CLANG_WARN_UNREACHABLE_CODE = YES;
				CLANG_WARN__DUPLICATE_METHOD_MATCH = YES;
				CODE_SIGN_IDENTITY = "iPhone Developer";
				COPY_PHASE_STRIP = NO;
				DEBUG_INFORMATION_FORMAT = dwarf;
				ENABLE_STRICT_OBJC_MSGSEND = YES;
				ENABLE_TESTABILITY = YES;
				GCC_C_LANGUAGE_STANDARD = gnu11;
				GCC_DYNAMIC_NO_PIC = NO;
				GCC_NO_COMMON_BLOCKS = YES;
				GCC_OPTIMIZATION_LEVEL = 0;
				GCC_PREPROCESSOR_DEFINITIONS = (
					"DEBUG=1",
					"$(inherited)",
				);
				GCC_WARN_64_TO_32_BIT_CONVERSION = YES;
				GCC_WARN_ABOUT_RETURN_TYPE = YES_ERROR;
				GCC_WARN_UNDECLARED_SELECTOR = YES;
				GCC_WARN_UNINITIALIZED_AUTOS = YES_AGGRESSIVE;
				GCC_WARN_UNUSED_FUNCTION = YES;
				GCC_WARN_UNUSED_VARIABLE = YES;
				IPHONEOS_DEPLOYMENT_TARGET = 11.4;
				MTL_ENABLE_DEBUG_INFO = YES;
				ONLY_ACTIVE_ARCH = YES;
				SDKROOT = iphoneos;
			};
			name = Debug;
		};
		E343844D21099F9600FB9949 /* Release */ = {
			isa = XCBuildConfiguration;
			buildSettings = {
				ALWAYS_SEARCH_USER_PATHS = NO;
				CLANG_ANALYZER_NONNULL = YES;
				CLANG_ANALYZER_NUMBER_OBJECT_CONVERSION = YES_AGGRESSIVE;
				CLANG_CXX_LANGUAGE_STANDARD = "gnu++14";
				CLANG_CXX_LIBRARY = "libc++";
				CLANG_ENABLE_MODULES = YES;
				CLANG_ENABLE_OBJC_ARC = YES;
				CLANG_ENABLE_OBJC_WEAK = YES;
				CLANG_WARN_BLOCK_CAPTURE_AUTORELEASING = YES;
				CLANG_WARN_BOOL_CONVERSION = YES;
				CLANG_WARN_COMMA = YES;
				CLANG_WARN_CONSTANT_CONVERSION = YES;
				CLANG_WARN_DEPRECATED_OBJC_IMPLEMENTATIONS = YES;
				CLANG_WARN_DIRECT_OBJC_ISA_USAGE = YES_ERROR;
				CLANG_WARN_DOCUMENTATION_COMMENTS = YES;
				CLANG_WARN_EMPTY_BODY = YES;
				CLANG_WARN_ENUM_CONVERSION = YES;
				CLANG_WARN_INFINITE_RECURSION = YES;
				CLANG_WARN_INT_CONVERSION = YES;
				CLANG_WARN_NON_LITERAL_NULL_CONVERSION = YES;
				CLANG_WARN_OBJC_IMPLICIT_RETAIN_SELF = YES;
				CLANG_WARN_OBJC_LITERAL_CONVERSION = YES;
				CLANG_WARN_OBJC_ROOT_CLASS = YES_ERROR;
				CLANG_WARN_RANGE_LOOP_ANALYSIS = YES;
				CLANG_WARN_STRICT_PROTOTYPES = YES;
				CLANG_WARN_SUSPICIOUS_MOVE = YES;
				CLANG_WARN_UNGUARDED_AVAILABILITY = YES_AGGRESSIVE;
				CLANG_WARN_UNREACHABLE_CODE = YES;
				CLANG_WARN__DUPLICATE_METHOD_MATCH = YES;
				CODE_SIGN_IDENTITY = "iPhone Developer";
				COPY_PHASE_STRIP = NO;
				DEBUG_INFORMATION_FORMAT = "dwarf-with-dsym";
				ENABLE_NS_ASSERTIONS = NO;
				ENABLE_STRICT_OBJC_MSGSEND = YES;
				GCC_C_LANGUAGE_STANDARD = gnu11;
				GCC_NO_COMMON_BLOCKS = YES;
				GCC_WARN_64_TO_32_BIT_CONVERSION = YES;
				GCC_WARN_ABOUT_RETURN_TYPE = YES_ERROR;
				GCC_WARN_UNDECLARED_SELECTOR = YES;
				GCC_WARN_UNINITIALIZED_AUTOS = YES_AGGRESSIVE;
				GCC_WARN_UNUSED_FUNCTION = YES;
				GCC_WARN_UNUSED_VARIABLE = YES;
				IPHONEOS_DEPLOYMENT_TARGET = 11.4;
				MTL_ENABLE_DEBUG_INFO = NO;
				SDKROOT = iphoneos;
				VALIDATE_PRODUCT = YES;
			};
			name = Release;
		};
		E343844F21099F9600FB9949 /* Debug */ = {
			isa = XCBuildConfiguration;
			buildSettings = {
				ASSETCATALOG_COMPILER_APPICON_NAME = AppIcon;
				CODE_SIGN_STYLE = Automatic;
				INFOPLIST_FILE = NNLoad/Info.plist;
				LD_RUNPATH_SEARCH_PATHS = (
					"$(inherited)",
					"@executable_path/Frameworks",
				);
				PRODUCT_BUNDLE_IDENTIFIER = liuzhongning.NNLoad;
				PRODUCT_NAME = "$(TARGET_NAME)";
				TARGETED_DEVICE_FAMILY = "1,2";
			};
			name = Debug;
		};
		E343845021099F9600FB9949 /* Release */ = {
			isa = XCBuildConfiguration;
			buildSettings = {
				ASSETCATALOG_COMPILER_APPICON_NAME = AppIcon;
				CODE_SIGN_STYLE = Automatic;
				INFOPLIST_FILE = NNLoad/Info.plist;
				LD_RUNPATH_SEARCH_PATHS = (
					"$(inherited)",
					"@executable_path/Frameworks",
				);
				PRODUCT_BUNDLE_IDENTIFIER = liuzhongning.NNLoad;
				PRODUCT_NAME = "$(TARGET_NAME)";
				TARGETED_DEVICE_FAMILY = "1,2";
			};
			name = Release;
		};
/* End XCBuildConfiguration section */

/* Begin XCConfigurationList section */
		E343843321099F9500FB9949 /* Build configuration list for PBXProject "NNLoad" */ = {
			isa = XCConfigurationList;
			buildConfigurations = (
				E343844C21099F9600FB9949 /* Debug */,
				E343844D21099F9600FB9949 /* Release */,
			);
			defaultConfigurationIsVisible = 0;
			defaultConfigurationName = Release;
		};
		E343844E21099F9600FB9949 /* Build configuration list for PBXNativeTarget "NNLoad" */ = {
			isa = XCConfigurationList;
			buildConfigurations = (
				E343844F21099F9600FB9949 /* Debug */,
				E343845021099F9600FB9949 /* Release */,
			);
			defaultConfigurationIsVisible = 0;
			defaultConfigurationName = Release;
		};
/* End XCConfigurationList section */
	};
	rootObject = E343843021099F9500FB9949 /* Project object */;
}
