// !$*UTF8*$!
{
	archiveVersion = 1;
	classes = {
	};
	objectVersion = 50;
	objects = {

/* Begin PBXBuildFile section */
		E3F5E77C20DB575500C790C9 /* AppDelegate.m in Sources */ = {isa = PBXBuildFile; fileRef = E3F5E77B20DB575500C790C9 /* AppDelegate.m */; };
		E3F5E78220DB575500C790C9 /* Main.storyboard in Resources */ = {isa = PBXBuildFile; fileRef = E3F5E78020DB575500C790C9 /* Main.storyboard */; };
		E3F5E78520DB575500C790C9 /* NNRuntimeTest.xcdatamodeld in Sources */ = {isa = PBXBuildFile; fileRef = E3F5E78320DB575500C790C9 /* NNRuntimeTest.xcdatamodeld */; };
		E3F5E78720DB575700C790C9 /* Assets.xcassets in Resources */ = {isa = PBXBuildFile; fileRef = E3F5E78620DB575700C790C9 /* Assets.xcassets */; };
		E3F5E78A20DB575700C790C9 /* LaunchScreen.storyboard in Resources */ = {isa = PBXBuildFile; fileRef = E3F5E78820DB575700C790C9 /* LaunchScreen.storyboard */; };
		E3F5E78D20DB575700C790C9 /* main.m in Sources */ = {isa = PBXBuildFile; fileRef = E3F5E78C20DB575700C790C9 /* main.m */; };
		E3F5E79720DB575700C790C9 /* NNRuntimeTestTests.m in Sources */ = {isa = PBXBuildFile; fileRef = E3F5E79620DB575700C790C9 /* NNRuntimeTestTests.m */; };
		E3F5E7A420DB579D00C790C9 /* NNHomeTableView.m in Sources */ = {isa = PBXBuildFile; fileRef = E3F5E7A320DB579D00C790C9 /* NNHomeTableView.m */; };
		E3F5E7A720DB57B200C790C9 /* NNHomeViewController.m in Sources */ = {isa = PBXBuildFile; fileRef = E3F5E7A620DB57B200C790C9 /* NNHomeViewController.m */; };
		E3F5E7AA20DB652F00C790C9 /* NNFirstViewController.m in Sources */ = {isa = PBXBuildFile; fileRef = E3F5E7A920DB652F00C790C9 /* NNFirstViewController.m */; };
		E3F5E7AD20DB653B00C790C9 /* NNSecondViewController.m in Sources */ = {isa = PBXBuildFile; fileRef = E3F5E7AC20DB653B00C790C9 /* NNSecondViewController.m */; };
		E3F5E7B020DB654500C790C9 /* NNThirdViewController.m in Sources */ = {isa = PBXBuildFile; fileRef = E3F5E7AF20DB654500C790C9 /* NNThirdViewController.m */; };
		E3F5E7B320DB655E00C790C9 /* NNFourthViewController.m in Sources */ = {isa = PBXBuildFile; fileRef = E3F5E7B220DB655E00C790C9 /* NNFourthViewController.m */; };
		E3F5E7B620DB657500C790C9 /* NNFifthViewController.m in Sources */ = {isa = PBXBuildFile; fileRef = E3F5E7B520DB657500C790C9 /* NNFifthViewController.m */; };
		E3F5E7B920DB658F00C790C9 /* NNSixthViewController.m in Sources */ = {isa = PBXBuildFile; fileRef = E3F5E7B820DB658F00C790C9 /* NNSixthViewController.m */; };
		E3F5E7BC20DB65A200C790C9 /* NNSeventhViewController.m in Sources */ = {isa = PBXBuildFile; fileRef = E3F5E7BB20DB65A200C790C9 /* NNSeventhViewController.m */; };
		E3F5E7BF20DB65D300C790C9 /* NNBaseViewController.m in Sources */ = {isa = PBXBuildFile; fileRef = E3F5E7BE20DB65D300C790C9 /* NNBaseViewController.m */; };
		E3F5E7C520DB754B00C790C9 /* NNEighthViewController.m in Sources */ = {isa = PBXBuildFile; fileRef = E3F5E7C420DB754B00C790C9 /* NNEighthViewController.m */; };
		E3F5E7C820DB799500C790C9 /* NNPerson.m in Sources */ = {isa = PBXBuildFile; fileRef = E3F5E7C720DB799500C790C9 /* NNPerson.m */; };
		E3F5E7CB20DB80DA00C790C9 /* NSObject+NNAddAttribute.m in Sources */ = {isa = PBXBuildFile; fileRef = E3F5E7CA20DB80DA00C790C9 /* NSObject+NNAddAttribute.m */; };
		E3F5E7CE20DB976300C790C9 /* NNLibrary.m in Sources */ = {isa = PBXBuildFile; fileRef = E3F5E7CD20DB976300C790C9 /* NNLibrary.m */; };
		E3F5E7D220DB9D8C00C790C9 /* NNCountButton.m in Sources */ = {isa = PBXBuildFile; fileRef = E3F5E7D120DB9D8C00C790C9 /* NNCountButton.m */; };
/* End PBXBuildFile section */

/* Begin PBXContainerItemProxy section */
		E3F5E79320DB575700C790C9 /* PBXContainerItemProxy */ = {
			isa = PBXContainerItemProxy;
			containerPortal = E3F5E76F20DB575500C790C9 /* Project object */;
			proxyType = 1;
			remoteGlobalIDString = E3F5E77620DB575500C790C9;
			remoteInfo = NNRuntimeTest;
		};
/* End PBXContainerItemProxy section */

/* Begin PBXFileReference section */
		E3F5E77720DB575500C790C9 /* NNRuntimeTest.app */ = {isa = PBXFileReference; explicitFileType = wrapper.application; includeInIndex = 0; path = NNRuntimeTest.app; sourceTree = BUILT_PRODUCTS_DIR; };
		E3F5E77A20DB575500C790C9 /* AppDelegate.h */ = {isa = PBXFileReference; lastKnownFileType = sourcecode.c.h; path = AppDelegate.h; sourceTree = "<group>"; };
		E3F5E77B20DB575500C790C9 /* AppDelegate.m */ = {isa = PBXFileReference; lastKnownFileType = sourcecode.c.objc; path = AppDelegate.m; sourceTree = "<group>"; };
		E3F5E78120DB575500C790C9 /* Base */ = {isa = PBXFileReference; lastKnownFileType = file.storyboard; name = Base; path = Base.lproj/Main.storyboard; sourceTree = "<group>"; };
		E3F5E78420DB575500C790C9 /* NNRuntimeTest.xcdatamodel */ = {isa = PBXFileReference; lastKnownFileType = wrapper.xcdatamodel; path = NNRuntimeTest.xcdatamodel; sourceTree = "<group>"; };
		E3F5E78620DB575700C790C9 /* Assets.xcassets */ = {isa = PBXFileReference; lastKnownFileType = folder.assetcatalog; path = Assets.xcassets; sourceTree = "<group>"; };
		E3F5E78920DB575700C790C9 /* Base */ = {isa = PBXFileReference; lastKnownFileType = file.storyboard; name = Base; path = Base.lproj/LaunchScreen.storyboard; sourceTree = "<group>"; };
		E3F5E78B20DB575700C790C9 /* Info.plist */ = {isa = PBXFileReference; lastKnownFileType = text.plist.xml; path = Info.plist; sourceTree = "<group>"; };
		E3F5E78C20DB575700C790C9 /* main.m */ = {isa = PBXFileReference; lastKnownFileType = sourcecode.c.objc; path = main.m; sourceTree = "<group>"; };
		E3F5E79220DB575700C790C9 /* NNRuntimeTestTests.xctest */ = {isa = PBXFileReference; explicitFileType = wrapper.cfbundle; includeInIndex = 0; path = NNRuntimeTestTests.xctest; sourceTree = BUILT_PRODUCTS_DIR; };
		E3F5E79620DB575700C790C9 /* NNRuntimeTestTests.m */ = {isa = PBXFileReference; lastKnownFileType = sourcecode.c.objc; path = NNRuntimeTestTests.m; sourceTree = "<group>"; };
		E3F5E79820DB575700C790C9 /* Info.plist */ = {isa = PBXFileReference; lastKnownFileType = text.plist.xml; path = Info.plist; sourceTree = "<group>"; };
		E3F5E7A220DB579D00C790C9 /* NNHomeTableView.h */ = {isa = PBXFileReference; lastKnownFileType = sourcecode.c.h; path = NNHomeTableView.h; sourceTree = "<group>"; };
		E3F5E7A320DB579D00C790C9 /* NNHomeTableView.m */ = {isa = PBXFileReference; lastKnownFileType = sourcecode.c.objc; path = NNHomeTableView.m; sourceTree = "<group>"; };
		E3F5E7A520DB57B200C790C9 /* NNHomeViewController.h */ = {isa = PBXFileReference; lastKnownFileType = sourcecode.c.h; path = NNHomeViewController.h; sourceTree = "<group>"; };
		E3F5E7A620DB57B200C790C9 /* NNHomeViewController.m */ = {isa = PBXFileReference; lastKnownFileType = sourcecode.c.objc; path = NNHomeViewController.m; sourceTree = "<group>"; };
		E3F5E7A820DB652F00C790C9 /* NNFirstViewController.h */ = {isa = PBXFileReference; lastKnownFileType = sourcecode.c.h; path = NNFirstViewController.h; sourceTree = "<group>"; };
		E3F5E7A920DB652F00C790C9 /* NNFirstViewController.m */ = {isa = PBXFileReference; lastKnownFileType = sourcecode.c.objc; path = NNFirstViewController.m; sourceTree = "<group>"; };
		E3F5E7AB20DB653B00C790C9 /* NNSecondViewController.h */ = {isa = PBXFileReference; lastKnownFileType = sourcecode.c.h; path = NNSecondViewController.h; sourceTree = "<group>"; };
		E3F5E7AC20DB653B00C790C9 /* NNSecondViewController.m */ = {isa = PBXFileReference; lastKnownFileType = sourcecode.c.objc; path = NNSecondViewController.m; sourceTree = "<group>"; };
		E3F5E7AE20DB654500C790C9 /* NNThirdViewController.h */ = {isa = PBXFileReference; lastKnownFileType = sourcecode.c.h; path = NNThirdViewController.h; sourceTree = "<group>"; };
		E3F5E7AF20DB654500C790C9 /* NNThirdViewController.m */ = {isa = PBXFileReference; lastKnownFileType = sourcecode.c.objc; path = NNThirdViewController.m; sourceTree = "<group>"; };
		E3F5E7B120DB655E00C790C9 /* NNFourthViewController.h */ = {isa = PBXFileReference; lastKnownFileType = sourcecode.c.h; path = NNFourthViewController.h; sourceTree = "<group>"; };
		E3F5E7B220DB655E00C790C9 /* NNFourthViewController.m */ = {isa = PBXFileReference; lastKnownFileType = sourcecode.c.objc; path = NNFourthViewController.m; sourceTree = "<group>"; };
		E3F5E7B420DB657500C790C9 /* NNFifthViewController.h */ = {isa = PBXFileReference; lastKnownFileType = sourcecode.c.h; path = NNFifthViewController.h; sourceTree = "<group>"; };
		E3F5E7B520DB657500C790C9 /* NNFifthViewController.m */ = {isa = PBXFileReference; lastKnownFileType = sourcecode.c.objc; path = NNFifthViewController.m; sourceTree = "<group>"; };
		E3F5E7B720DB658F00C790C9 /* NNSixthViewController.h */ = {isa = PBXFileReference; lastKnownFileType = sourcecode.c.h; path = NNSixthViewController.h; sourceTree = "<group>"; };
		E3F5E7B820DB658F00C790C9 /* NNSixthViewController.m */ = {isa = PBXFileReference; lastKnownFileType = sourcecode.c.objc; path = NNSixthViewController.m; sourceTree = "<group>"; };
		E3F5E7BA20DB65A200C790C9 /* NNSeventhViewController.h */ = {isa = PBXFileReference; lastKnownFileType = sourcecode.c.h; path = NNSeventhViewController.h; sourceTree = "<group>"; };
		E3F5E7BB20DB65A200C790C9 /* NNSeventhViewController.m */ = {isa = PBXFileReference; lastKnownFileType = sourcecode.c.objc; path = NNSeventhViewController.m; sourceTree = "<group>"; };
		E3F5E7BD20DB65D300C790C9 /* NNBaseViewController.h */ = {isa = PBXFileReference; lastKnownFileType = sourcecode.c.h; path = NNBaseViewController.h; sourceTree = "<group>"; };
		E3F5E7BE20DB65D300C790C9 /* NNBaseViewController.m */ = {isa = PBXFileReference; lastKnownFileType = sourcecode.c.objc; path = NNBaseViewController.m; sourceTree = "<group>"; };
		E3F5E7C320DB754B00C790C9 /* NNEighthViewController.h */ = {isa = PBXFileReference; lastKnownFileType = sourcecode.c.h; path = NNEighthViewController.h; sourceTree = "<group>"; };
		E3F5E7C420DB754B00C790C9 /* NNEighthViewController.m */ = {isa = PBXFileReference; lastKnownFileType = sourcecode.c.objc; path = NNEighthViewController.m; sourceTree = "<group>"; };
		E3F5E7C620DB799500C790C9 /* NNPerson.h */ = {isa = PBXFileReference; lastKnownFileType = sourcecode.c.h; path = NNPerson.h; sourceTree = "<group>"; };
		E3F5E7C720DB799500C790C9 /* NNPerson.m */ = {isa = PBXFileReference; lastKnownFileType = sourcecode.c.objc; path = NNPerson.m; sourceTree = "<group>"; };
		E3F5E7C920DB80DA00C790C9 /* NSObject+NNAddAttribute.h */ = {isa = PBXFileReference; lastKnownFileType = sourcecode.c.h; path = "NSObject+NNAddAttribute.h"; sourceTree = "<group>"; };
		E3F5E7CA20DB80DA00C790C9 /* NSObject+NNAddAttribute.m */ = {isa = PBXFileReference; lastKnownFileType = sourcecode.c.objc; path = "NSObject+NNAddAttribute.m"; sourceTree = "<group>"; };
		E3F5E7CC20DB976300C790C9 /* NNLibrary.h */ = {isa = PBXFileReference; lastKnownFileType = sourcecode.c.h; path = NNLibrary.h; sourceTree = "<group>"; };
		E3F5E7CD20DB976300C790C9 /* NNLibrary.m */ = {isa = PBXFileReference; lastKnownFileType = sourcecode.c.objc; path = NNLibrary.m; sourceTree = "<group>"; };
		E3F5E7D020DB9D8C00C790C9 /* NNCountButton.h */ = {isa = PBXFileReference; lastKnownFileType = sourcecode.c.h; path = NNCountButton.h; sourceTree = "<group>"; };
		E3F5E7D120DB9D8C00C790C9 /* NNCountButton.m */ = {isa = PBXFileReference; lastKnownFileType = sourcecode.c.objc; path = NNCountButton.m; sourceTree = "<group>"; };
/* End PBXFileReference section */

/* Begin PBXFrameworksBuildPhase section */
		E3F5E77420DB575500C790C9 /* Frameworks */ = {
			isa = PBXFrameworksBuildPhase;
			buildActionMask = 2147483647;
			files = (
			);
			runOnlyForDeploymentPostprocessing = 0;
		};
		E3F5E78F20DB575700C790C9 /* Frameworks */ = {
			isa = PBXFrameworksBuildPhase;
			buildActionMask = 2147483647;
			files = (
			);
			runOnlyForDeploymentPostprocessing = 0;
		};
/* End PBXFrameworksBuildPhase section */

/* Begin PBXGroup section */
		E3F5E76E20DB575500C790C9 = {
			isa = PBXGroup;
			children = (
				E3F5E77920DB575500C790C9 /* NNRuntimeTest */,
				E3F5E79520DB575700C790C9 /* NNRuntimeTestTests */,
				E3F5E77820DB575500C790C9 /* Products */,
			);
			sourceTree = "<group>";
		};
		E3F5E77820DB575500C790C9 /* Products */ = {
			isa = PBXGroup;
			children = (
				E3F5E77720DB575500C790C9 /* NNRuntimeTest.app */,
				E3F5E79220DB575700C790C9 /* NNRuntimeTestTests.xctest */,
			);
			name = Products;
			sourceTree = "<group>";
		};
		E3F5E77920DB575500C790C9 /* NNRuntimeTest */ = {
			isa = PBXGroup;
			children = (
				E3F5E7A120DB577200C790C9 /* NNRuntimeTest */,
				E3F5E77A20DB575500C790C9 /* AppDelegate.h */,
				E3F5E77B20DB575500C790C9 /* AppDelegate.m */,
				E3F5E7A520DB57B200C790C9 /* NNHomeViewController.h */,
				E3F5E7A620DB57B200C790C9 /* NNHomeViewController.m */,
				E3F5E7A220DB579D00C790C9 /* NNHomeTableView.h */,
				E3F5E7A320DB579D00C790C9 /* NNHomeTableView.m */,
				E3F5E78020DB575500C790C9 /* Main.storyboard */,
				E3F5E78620DB575700C790C9 /* Assets.xcassets */,
				E3F5E78820DB575700C790C9 /* LaunchScreen.storyboard */,
				E3F5E78B20DB575700C790C9 /* Info.plist */,
				E3F5E78C20DB575700C790C9 /* main.m */,
				E3F5E78320DB575500C790C9 /* NNRuntimeTest.xcdatamodeld */,
			);
			path = NNRuntimeTest;
			sourceTree = "<group>";
		};
		E3F5E79520DB575700C790C9 /* NNRuntimeTestTests */ = {
			isa = PBXGroup;
			children = (
				E3F5E79620DB575700C790C9 /* NNRuntimeTestTests.m */,
				E3F5E79820DB575700C790C9 /* Info.plist */,
			);
			path = NNRuntimeTestTests;
			sourceTree = "<group>";
		};
		E3F5E7A120DB577200C790C9 /* NNRuntimeTest */ = {
			isa = PBXGroup;
			children = (
				E3F5E7CF20DB9D7700C790C9 /* View */,
				E3F5E7C220DB74FA00C790C9 /* Category */,
				E3F5E7C120DB722700C790C9 /* Model */,
				E3F5E7C020DB722000C790C9 /* Controller */,
			);
			path = NNRuntimeTest;
			sourceTree = "<group>";
		};
		E3F5E7C020DB722000C790C9 /* Controller */ = {
			isa = PBXGroup;
			children = (
				E3F5E7BD20DB65D300C790C9 /* NNBaseViewController.h */,
				E3F5E7BE20DB65D300C790C9 /* NNBaseViewController.m */,
				E3F5E7A820DB652F00C790C9 /* NNFirstViewController.h */,
				E3F5E7A920DB652F00C790C9 /* NNFirstViewController.m */,
				E3F5E7AB20DB653B00C790C9 /* NNSecondViewController.h */,
				E3F5E7AC20DB653B00C790C9 /* NNSecondViewController.m */,
				E3F5E7AE20DB654500C790C9 /* NNThirdViewController.h */,
				E3F5E7AF20DB654500C790C9 /* NNThirdViewController.m */,
				E3F5E7B120DB655E00C790C9 /* NNFourthViewController.h */,
				E3F5E7B220DB655E00C790C9 /* NNFourthViewController.m */,
				E3F5E7B420DB657500C790C9 /* NNFifthViewController.h */,
				E3F5E7B520DB657500C790C9 /* NNFifthViewController.m */,
				E3F5E7B720DB658F00C790C9 /* NNSixthViewController.h */,
				E3F5E7B820DB658F00C790C9 /* NNSixthViewController.m */,
				E3F5E7BA20DB65A200C790C9 /* NNSeventhViewController.h */,
				E3F5E7BB20DB65A200C790C9 /* NNSeventhViewController.m */,
				E3F5E7C320DB754B00C790C9 /* NNEighthViewController.h */,
				E3F5E7C420DB754B00C790C9 /* NNEighthViewController.m */,
			);
			path = Controller;
			sourceTree = "<group>";
		};
		E3F5E7C120DB722700C790C9 /* Model */ = {
			isa = PBXGroup;
			children = (
				E3F5E7C620DB799500C790C9 /* NNPerson.h */,
				E3F5E7C720DB799500C790C9 /* NNPerson.m */,
				E3F5E7CC20DB976300C790C9 /* NNLibrary.h */,
				E3F5E7CD20DB976300C790C9 /* NNLibrary.m */,
			);
			path = Model;
			sourceTree = "<group>";
		};
		E3F5E7C220DB74FA00C790C9 /* Category */ = {
			isa = PBXGroup;
			children = (
				E3F5E7C920DB80DA00C790C9 /* NSObject+NNAddAttribute.h */,
				E3F5E7CA20DB80DA00C790C9 /* NSObject+NNAddAttribute.m */,
			);
			path = Category;
			sourceTree = "<group>";
		};
		E3F5E7CF20DB9D7700C790C9 /* View */ = {
			isa = PBXGroup;
			children = (
				E3F5E7D020DB9D8C00C790C9 /* NNCountButton.h */,
				E3F5E7D120DB9D8C00C790C9 /* NNCountButton.m */,
			);
			path = View;
			sourceTree = "<group>";
		};
/* End PBXGroup section */

/* Begin PBXNativeTarget section */
		E3F5E77620DB575500C790C9 /* NNRuntimeTest */ = {
			isa = PBXNativeTarget;
			buildConfigurationList = E3F5E79B20DB575700C790C9 /* Build configuration list for PBXNativeTarget "NNRuntimeTest" */;
			buildPhases = (
				E3F5E77320DB575500C790C9 /* Sources */,
				E3F5E77420DB575500C790C9 /* Frameworks */,
				E3F5E77520DB575500C790C9 /* Resources */,
			);
			buildRules = (
			);
			dependencies = (
			);
			name = NNRuntimeTest;
			productName = NNRuntimeTest;
			productReference = E3F5E77720DB575500C790C9 /* NNRuntimeTest.app */;
			productType = "com.apple.product-type.application";
		};
		E3F5E79120DB575700C790C9 /* NNRuntimeTestTests */ = {
			isa = PBXNativeTarget;
			buildConfigurationList = E3F5E79E20DB575700C790C9 /* Build configuration list for PBXNativeTarget "NNRuntimeTestTests" */;
			buildPhases = (
				E3F5E78E20DB575700C790C9 /* Sources */,
				E3F5E78F20DB575700C790C9 /* Frameworks */,
				E3F5E79020DB575700C790C9 /* Resources */,
			);
			buildRules = (
			);
			dependencies = (
				E3F5E79420DB575700C790C9 /* PBXTargetDependency */,
			);
			name = NNRuntimeTestTests;
			productName = NNRuntimeTestTests;
			productReference = E3F5E79220DB575700C790C9 /* NNRuntimeTestTests.xctest */;
			productType = "com.apple.product-type.bundle.unit-test";
		};
/* End PBXNativeTarget section */

/* Begin PBXProject section */
		E3F5E76F20DB575500C790C9 /* Project object */ = {
			isa = PBXProject;
			attributes = {
				LastUpgradeCheck = 0930;
				ORGANIZATIONNAME = "以梦为马";
				TargetAttributes = {
					E3F5E77620DB575500C790C9 = {
						CreatedOnToolsVersion = 9.3.1;
					};
					E3F5E79120DB575700C790C9 = {
						CreatedOnToolsVersion = 9.3.1;
						TestTargetID = E3F5E77620DB575500C790C9;
					};
				};
			};
			buildConfigurationList = E3F5E77220DB575500C790C9 /* Build configuration list for PBXProject "NNRuntimeTest" */;
			compatibilityVersion = "Xcode 9.3";
			developmentRegion = en;
			hasScannedForEncodings = 0;
			knownRegions = (
				en,
				Base,
			);
			mainGroup = E3F5E76E20DB575500C790C9;
			productRefGroup = E3F5E77820DB575500C790C9 /* Products */;
			projectDirPath = "";
			projectRoot = "";
			targets = (
				E3F5E77620DB575500C790C9 /* NNRuntimeTest */,
				E3F5E79120DB575700C790C9 /* NNRuntimeTestTests */,
			);
		};
/* End PBXProject section */

/* Begin PBXResourcesBuildPhase section */
		E3F5E77520DB575500C790C9 /* Resources */ = {
			isa = PBXResourcesBuildPhase;
			buildActionMask = 2147483647;
			files = (
				E3F5E78A20DB575700C790C9 /* LaunchScreen.storyboard in Resources */,
				E3F5E78720DB575700C790C9 /* Assets.xcassets in Resources */,
				E3F5E78220DB575500C790C9 /* Main.storyboard in Resources */,
			);
			runOnlyForDeploymentPostprocessing = 0;
		};
		E3F5E79020DB575700C790C9 /* Resources */ = {
			isa = PBXResourcesBuildPhase;
			buildActionMask = 2147483647;
			files = (
			);
			runOnlyForDeploymentPostprocessing = 0;
		};
/* End PBXResourcesBuildPhase section */

/* Begin PBXSourcesBuildPhase section */
		E3F5E77320DB575500C790C9 /* Sources */ = {
			isa = PBXSourcesBuildPhase;
			buildActionMask = 2147483647;
			files = (
				E3F5E7CB20DB80DA00C790C9 /* NSObject+NNAddAttribute.m in Sources */,
				E3F5E7BC20DB65A200C790C9 /* NNSeventhViewController.m in Sources */,
				E3F5E7B020DB654500C790C9 /* NNThirdViewController.m in Sources */,
				E3F5E7CE20DB976300C790C9 /* NNLibrary.m in Sources */,
				E3F5E7AD20DB653B00C790C9 /* NNSecondViewController.m in Sources */,
				E3F5E7C520DB754B00C790C9 /* NNEighthViewController.m in Sources */,
				E3F5E7B620DB657500C790C9 /* NNFifthViewController.m in Sources */,
				E3F5E7B920DB658F00C790C9 /* NNSixthViewController.m in Sources */,
				E3F5E78520DB575500C790C9 /* NNRuntimeTest.xcdatamodeld in Sources */,
				E3F5E7C820DB799500C790C9 /* NNPerson.m in Sources */,
				E3F5E7AA20DB652F00C790C9 /* NNFirstViewController.m in Sources */,
				E3F5E7D220DB9D8C00C790C9 /* NNCountButton.m in Sources */,
				E3F5E7B320DB655E00C790C9 /* NNFourthViewController.m in Sources */,
				E3F5E78D20DB575700C790C9 /* main.m in Sources */,
				E3F5E7BF20DB65D300C790C9 /* NNBaseViewController.m in Sources */,
				E3F5E7A720DB57B200C790C9 /* NNHomeViewController.m in Sources */,
				E3F5E7A420DB579D00C790C9 /* NNHomeTableView.m in Sources */,
				E3F5E77C20DB575500C790C9 /* AppDelegate.m in Sources */,
			);
			runOnlyForDeploymentPostprocessing = 0;
		};
		E3F5E78E20DB575700C790C9 /* Sources */ = {
			isa = PBXSourcesBuildPhase;
			buildActionMask = 2147483647;
			files = (
				E3F5E79720DB575700C790C9 /* NNRuntimeTestTests.m in Sources */,
			);
			runOnlyForDeploymentPostprocessing = 0;
		};
/* End PBXSourcesBuildPhase section */

/* Begin PBXTargetDependency section */
		E3F5E79420DB575700C790C9 /* PBXTargetDependency */ = {
			isa = PBXTargetDependency;
			target = E3F5E77620DB575500C790C9 /* NNRuntimeTest */;
			targetProxy = E3F5E79320DB575700C790C9 /* PBXContainerItemProxy */;
		};
/* End PBXTargetDependency section */

/* Begin PBXVariantGroup section */
		E3F5E78020DB575500C790C9 /* Main.storyboard */ = {
			isa = PBXVariantGroup;
			children = (
				E3F5E78120DB575500C790C9 /* Base */,
			);
			name = Main.storyboard;
			sourceTree = "<group>";
		};
		E3F5E78820DB575700C790C9 /* LaunchScreen.storyboard */ = {
			isa = PBXVariantGroup;
			children = (
				E3F5E78920DB575700C790C9 /* Base */,
			);
			name = LaunchScreen.storyboard;
			sourceTree = "<group>";
		};
/* End PBXVariantGroup section */

/* Begin XCBuildConfiguration section */
		E3F5E79920DB575700C790C9 /* Debug */ = {
			isa = XCBuildConfiguration;
			buildSettings = {
				ALWAYS_SEARCH_USER_PATHS = NO;
				CLANG_ANALYZER_NONNULL = YES;
				CLANG_ANALYZER_NUMBER_OBJECT_CONVERSION = YES_AGGRESSIVE;
				CLANG_CXX_LANGUAGE_STANDARD = "gnu++14";
				CLANG_CXX_LIBRARY = "libc++";
				CLANG_ENABLE_MODULES = YES;
				CLANG_ENABLE_OBJC_ARC = YES;
				CLANG_ENABLE_OBJC_WEAK = YES;
				CLANG_WARN_BLOCK_CAPTURE_AUTORELEASING = YES;
				CLANG_WARN_BOOL_CONVERSION = YES;
				CLANG_WARN_COMMA = YES;
				CLANG_WARN_CONSTANT_CONVERSION = YES;
				CLANG_WARN_DEPRECATED_OBJC_IMPLEMENTATIONS = YES;
				CLANG_WARN_DIRECT_OBJC_ISA_USAGE = YES_ERROR;
				CLANG_WARN_DOCUMENTATION_COMMENTS = YES;
				CLANG_WARN_EMPTY_BODY = YES;
				CLANG_WARN_ENUM_CONVERSION = YES;
				CLANG_WARN_INFINITE_RECURSION = YES;
				CLANG_WARN_INT_CONVERSION = YES;
				CLANG_WARN_NON_LITERAL_NULL_CONVERSION = YES;
				CLANG_WARN_OBJC_IMPLICIT_RETAIN_SELF = YES;
				CLANG_WARN_OBJC_LITERAL_CONVERSION = YES;
				CLANG_WARN_OBJC_ROOT_CLASS = YES_ERROR;
				CLANG_WARN_RANGE_LOOP_ANALYSIS = YES;
				CLANG_WARN_STRICT_PROTOTYPES = YES;
				CLANG_WARN_SUSPICIOUS_MOVE = YES;
				CLANG_WARN_UNGUARDED_AVAILABILITY = YES_AGGRESSIVE;
				CLANG_WARN_UNREACHABLE_CODE = YES;
				CLANG_WARN__DUPLICATE_METHOD_MATCH = YES;
				CODE_SIGN_IDENTITY = "iPhone Developer";
				COPY_PHASE_STRIP = NO;
				DEBUG_INFORMATION_FORMAT = dwarf;
				ENABLE_STRICT_OBJC_MSGSEND = YES;
				ENABLE_TESTABILITY = YES;
				GCC_C_LANGUAGE_STANDARD = gnu11;
				GCC_DYNAMIC_NO_PIC = NO;
				GCC_NO_COMMON_BLOCKS = YES;
				GCC_OPTIMIZATION_LEVEL = 0;
				GCC_PREPROCESSOR_DEFINITIONS = (
					"DEBUG=1",
					"$(inherited)",
				);
				GCC_WARN_64_TO_32_BIT_CONVERSION = YES;
				GCC_WARN_ABOUT_RETURN_TYPE = YES_ERROR;
				GCC_WARN_UNDECLARED_SELECTOR = YES;
				GCC_WARN_UNINITIALIZED_AUTOS = YES_AGGRESSIVE;
				GCC_WARN_UNUSED_FUNCTION = YES;
				GCC_WARN_UNUSED_VARIABLE = YES;
				IPHONEOS_DEPLOYMENT_TARGET = 11.3;
				MTL_ENABLE_DEBUG_INFO = YES;
				ONLY_ACTIVE_ARCH = YES;
				SDKROOT = iphoneos;
			};
			name = Debug;
		};
		E3F5E79A20DB575700C790C9 /* Release */ = {
			isa = XCBuildConfiguration;
			buildSettings = {
				ALWAYS_SEARCH_USER_PATHS = NO;
				CLANG_ANALYZER_NONNULL = YES;
				CLANG_ANALYZER_NUMBER_OBJECT_CONVERSION = YES_AGGRESSIVE;
				CLANG_CXX_LANGUAGE_STANDARD = "gnu++14";
				CLANG_CXX_LIBRARY = "libc++";
				CLANG_ENABLE_MODULES = YES;
				CLANG_ENABLE_OBJC_ARC = YES;
				CLANG_ENABLE_OBJC_WEAK = YES;
				CLANG_WARN_BLOCK_CAPTURE_AUTORELEASING = YES;
				CLANG_WARN_BOOL_CONVERSION = YES;
				CLANG_WARN_COMMA = YES;
				CLANG_WARN_CONSTANT_CONVERSION = YES;
				CLANG_WARN_DEPRECATED_OBJC_IMPLEMENTATIONS = YES;
				CLANG_WARN_DIRECT_OBJC_ISA_USAGE = YES_ERROR;
				CLANG_WARN_DOCUMENTATION_COMMENTS = YES;
				CLANG_WARN_EMPTY_BODY = YES;
				CLANG_WARN_ENUM_CONVERSION = YES;
				CLANG_WARN_INFINITE_RECURSION = YES;
				CLANG_WARN_INT_CONVERSION = YES;
				CLANG_WARN_NON_LITERAL_NULL_CONVERSION = YES;
				CLANG_WARN_OBJC_IMPLICIT_RETAIN_SELF = YES;
				CLANG_WARN_OBJC_LITERAL_CONVERSION = YES;
				CLANG_WARN_OBJC_ROOT_CLASS = YES_ERROR;
				CLANG_WARN_RANGE_LOOP_ANALYSIS = YES;
				CLANG_WARN_STRICT_PROTOTYPES = YES;
				CLANG_WARN_SUSPICIOUS_MOVE = YES;
				CLANG_WARN_UNGUARDED_AVAILABILITY = YES_AGGRESSIVE;
				CLANG_WARN_UNREACHABLE_CODE = YES;
				CLANG_WARN__DUPLICATE_METHOD_MATCH = YES;
				CODE_SIGN_IDENTITY = "iPhone Developer";
				COPY_PHASE_STRIP = NO;
				DEBUG_INFORMATION_FORMAT = "dwarf-with-dsym";
				ENABLE_NS_ASSERTIONS = NO;
				ENABLE_STRICT_OBJC_MSGSEND = YES;
				GCC_C_LANGUAGE_STANDARD = gnu11;
				GCC_NO_COMMON_BLOCKS = YES;
				GCC_WARN_64_TO_32_BIT_CONVERSION = YES;
				GCC_WARN_ABOUT_RETURN_TYPE = YES_ERROR;
				GCC_WARN_UNDECLARED_SELECTOR = YES;
				GCC_WARN_UNINITIALIZED_AUTOS = YES_AGGRESSIVE;
				GCC_WARN_UNUSED_FUNCTION = YES;
				GCC_WARN_UNUSED_VARIABLE = YES;
				IPHONEOS_DEPLOYMENT_TARGET = 11.3;
				MTL_ENABLE_DEBUG_INFO = NO;
				SDKROOT = iphoneos;
				VALIDATE_PRODUCT = YES;
			};
			name = Release;
		};
		E3F5E79C20DB575700C790C9 /* Debug */ = {
			isa = XCBuildConfiguration;
			buildSettings = {
				ASSETCATALOG_COMPILER_APPICON_NAME = AppIcon;
				CODE_SIGN_STYLE = Automatic;
				INFOPLIST_FILE = NNRuntimeTest/Info.plist;
				LD_RUNPATH_SEARCH_PATHS = (
					"$(inherited)",
					"@executable_path/Frameworks",
				);
				PRODUCT_BUNDLE_IDENTIFIER = LiuPengKun.NNRuntimeTest;
				PRODUCT_NAME = "$(TARGET_NAME)";
				TARGETED_DEVICE_FAMILY = "1,2";
			};
			name = Debug;
		};
		E3F5E79D20DB575700C790C9 /* Release */ = {
			isa = XCBuildConfiguration;
			buildSettings = {
				ASSETCATALOG_COMPILER_APPICON_NAME = AppIcon;
				CODE_SIGN_STYLE = Automatic;
				INFOPLIST_FILE = NNRuntimeTest/Info.plist;
				LD_RUNPATH_SEARCH_PATHS = (
					"$(inherited)",
					"@executable_path/Frameworks",
				);
				PRODUCT_BUNDLE_IDENTIFIER = LiuPengKun.NNRuntimeTest;
				PRODUCT_NAME = "$(TARGET_NAME)";
				TARGETED_DEVICE_FAMILY = "1,2";
			};
			name = Release;
		};
		E3F5E79F20DB575700C790C9 /* Debug */ = {
			isa = XCBuildConfiguration;
			buildSettings = {
				BUNDLE_LOADER = "$(TEST_HOST)";
				CODE_SIGN_STYLE = Automatic;
				INFOPLIST_FILE = NNRuntimeTestTests/Info.plist;
				LD_RUNPATH_SEARCH_PATHS = (
					"$(inherited)",
					"@executable_path/Frameworks",
					"@loader_path/Frameworks",
				);
				PRODUCT_BUNDLE_IDENTIFIER = LiuPengKun.NNRuntimeTestTests;
				PRODUCT_NAME = "$(TARGET_NAME)";
				TARGETED_DEVICE_FAMILY = "1,2";
				TEST_HOST = "$(BUILT_PRODUCTS_DIR)/NNRuntimeTest.app/NNRuntimeTest";
			};
			name = Debug;
		};
		E3F5E7A020DB575700C790C9 /* Release */ = {
			isa = XCBuildConfiguration;
			buildSettings = {
				BUNDLE_LOADER = "$(TEST_HOST)";
				CODE_SIGN_STYLE = Automatic;
				INFOPLIST_FILE = NNRuntimeTestTests/Info.plist;
				LD_RUNPATH_SEARCH_PATHS = (
					"$(inherited)",
					"@executable_path/Frameworks",
					"@loader_path/Frameworks",
				);
				PRODUCT_BUNDLE_IDENTIFIER = LiuPengKun.NNRuntimeTestTests;
				PRODUCT_NAME = "$(TARGET_NAME)";
				TARGETED_DEVICE_FAMILY = "1,2";
				TEST_HOST = "$(BUILT_PRODUCTS_DIR)/NNRuntimeTest.app/NNRuntimeTest";
			};
			name = Release;
		};
/* End XCBuildConfiguration section */

/* Begin XCConfigurationList section */
		E3F5E77220DB575500C790C9 /* Build configuration list for PBXProject "NNRuntimeTest" */ = {
			isa = XCConfigurationList;
			buildConfigurations = (
				E3F5E79920DB575700C790C9 /* Debug */,
				E3F5E79A20DB575700C790C9 /* Release */,
			);
			defaultConfigurationIsVisible = 0;
			defaultConfigurationName = Release;
		};
		E3F5E79B20DB575700C790C9 /* Build configuration list for PBXNativeTarget "NNRuntimeTest" */ = {
			isa = XCConfigurationList;
			buildConfigurations = (
				E3F5E79C20DB575700C790C9 /* Debug */,
				E3F5E79D20DB575700C790C9 /* Release */,
			);
			defaultConfigurationIsVisible = 0;
			defaultConfigurationName = Release;
		};
		E3F5E79E20DB575700C790C9 /* Build configuration list for PBXNativeTarget "NNRuntimeTestTests" */ = {
			isa = XCConfigurationList;
			buildConfigurations = (
				E3F5E79F20DB575700C790C9 /* Debug */,
				E3F5E7A020DB575700C790C9 /* Release */,
			);
			defaultConfigurationIsVisible = 0;
			defaultConfigurationName = Release;
		};
/* End XCConfigurationList section */

/* Begin XCVersionGroup section */
		E3F5E78320DB575500C790C9 /* NNRuntimeTest.xcdatamodeld */ = {
			isa = XCVersionGroup;
			children = (
				E3F5E78420DB575500C790C9 /* NNRuntimeTest.xcdatamodel */,
			);
			currentVersion = E3F5E78420DB575500C790C9 /* NNRuntimeTest.xcdatamodel */;
			path = NNRuntimeTest.xcdatamodeld;
			sourceTree = "<group>";
			versionGroupType = wrapper.xcdatamodel;
		};
/* End XCVersionGroup section */
	};
	rootObject = E3F5E76F20DB575500C790C9 /* Project object */;
}
