// !$*UTF8*$!
{
	archiveVersion = 1;
	classes = {
	};
	objectVersion = 50;
	objects = {

/* Begin PBXBuildFile section */
		227373AF21E0A1E300966850 /* AppDelegate.swift in Sources */ = {isa = PBXBuildFile; fileRef = 227373AE21E0A1E300966850 /* AppDelegate.swift */; };
		227373B121E0A1E300966850 /* ViewController.swift in Sources */ = {isa = PBXBuildFile; fileRef = 227373B021E0A1E300966850 /* ViewController.swift */; };
		227373B421E0A1E300966850 /* Main.storyboard in Resources */ = {isa = PBXBuildFile; fileRef = 227373B221E0A1E300966850 /* Main.storyboard */; };
		227373B721E0A1E300966850 /* NNCoreAnimation_swift.xcdatamodeld in Sources */ = {isa = PBXBuildFile; fileRef = 227373B521E0A1E300966850 /* NNCoreAnimation_swift.xcdatamodeld */; };
		227373B921E0A1E400966850 /* Assets.xcassets in Resources */ = {isa = PBXBuildFile; fileRef = 227373B821E0A1E400966850 /* Assets.xcassets */; };
		227373BC21E0A1E400966850 /* LaunchScreen.storyboard in Resources */ = {isa = PBXBuildFile; fileRef = 227373BA21E0A1E400966850 /* LaunchScreen.storyboard */; };
		227373C721E0A1E400966850 /* NNCoreAnimation_swiftTests.swift in Sources */ = {isa = PBXBuildFile; fileRef = 227373C621E0A1E400966850 /* NNCoreAnimation_swiftTests.swift */; };
		227373D221E0A1E400966850 /* NNCoreAnimation_swiftUITests.swift in Sources */ = {isa = PBXBuildFile; fileRef = 227373D121E0A1E400966850 /* NNCoreAnimation_swiftUITests.swift */; };
		227373E521E0A24200966850 /* NNBaseViewController.swift in Sources */ = {isa = PBXBuildFile; fileRef = 227373E121E0A24200966850 /* NNBaseViewController.swift */; };
		227373E621E0A24200966850 /* NNBottomView.swift in Sources */ = {isa = PBXBuildFile; fileRef = 227373E321E0A24200966850 /* NNBottomView.swift */; };
		227373E721E0A24200966850 /* NNView.swift in Sources */ = {isa = PBXBuildFile; fileRef = 227373E421E0A24200966850 /* NNView.swift */; };
		227373E921E0A28000966850 /* NNPositionViewController.swift in Sources */ = {isa = PBXBuildFile; fileRef = 227373E821E0A28000966850 /* NNPositionViewController.swift */; };
		227373EB21E0A28B00966850 /* NNScaleViewController.swift in Sources */ = {isa = PBXBuildFile; fileRef = 227373EA21E0A28B00966850 /* NNScaleViewController.swift */; };
		227373ED21E0A29400966850 /* NNRotationViewController.swift in Sources */ = {isa = PBXBuildFile; fileRef = 227373EC21E0A29400966850 /* NNRotationViewController.swift */; };
		227373EF21E0A29C00966850 /* NNOthersViewController.swift in Sources */ = {isa = PBXBuildFile; fileRef = 227373EE21E0A29C00966850 /* NNOthersViewController.swift */; };
/* End PBXBuildFile section */

/* Begin PBXContainerItemProxy section */
		227373C321E0A1E400966850 /* PBXContainerItemProxy */ = {
			isa = PBXContainerItemProxy;
			containerPortal = 227373A321E0A1E300966850 /* Project object */;
			proxyType = 1;
			remoteGlobalIDString = 227373AA21E0A1E300966850;
			remoteInfo = NNCoreAnimation_swift;
		};
		227373CE21E0A1E400966850 /* PBXContainerItemProxy */ = {
			isa = PBXContainerItemProxy;
			containerPortal = 227373A321E0A1E300966850 /* Project object */;
			proxyType = 1;
			remoteGlobalIDString = 227373AA21E0A1E300966850;
			remoteInfo = NNCoreAnimation_swift;
		};
/* End PBXContainerItemProxy section */

/* Begin PBXFileReference section */
		227373AB21E0A1E300966850 /* NNCoreAnimation_swift.app */ = {isa = PBXFileReference; explicitFileType = wrapper.application; includeInIndex = 0; path = NNCoreAnimation_swift.app; sourceTree = BUILT_PRODUCTS_DIR; };
		227373AE21E0A1E300966850 /* AppDelegate.swift */ = {isa = PBXFileReference; lastKnownFileType = sourcecode.swift; path = AppDelegate.swift; sourceTree = "<group>"; };
		227373B021E0A1E300966850 /* ViewController.swift */ = {isa = PBXFileReference; lastKnownFileType = sourcecode.swift; path = ViewController.swift; sourceTree = "<group>"; };
		227373B321E0A1E300966850 /* Base */ = {isa = PBXFileReference; lastKnownFileType = file.storyboard; name = Base; path = Base.lproj/Main.storyboard; sourceTree = "<group>"; };
		227373B621E0A1E300966850 /* NNCoreAnimation_swift.xcdatamodel */ = {isa = PBXFileReference; lastKnownFileType = wrapper.xcdatamodel; path = NNCoreAnimation_swift.xcdatamodel; sourceTree = "<group>"; };
		227373B821E0A1E400966850 /* Assets.xcassets */ = {isa = PBXFileReference; lastKnownFileType = folder.assetcatalog; path = Assets.xcassets; sourceTree = "<group>"; };
		227373BB21E0A1E400966850 /* Base */ = {isa = PBXFileReference; lastKnownFileType = file.storyboard; name = Base; path = Base.lproj/LaunchScreen.storyboard; sourceTree = "<group>"; };
		227373BD21E0A1E400966850 /* Info.plist */ = {isa = PBXFileReference; lastKnownFileType = text.plist.xml; path = Info.plist; sourceTree = "<group>"; };
		227373C221E0A1E400966850 /* NNCoreAnimation_swiftTests.xctest */ = {isa = PBXFileReference; explicitFileType = wrapper.cfbundle; includeInIndex = 0; path = NNCoreAnimation_swiftTests.xctest; sourceTree = BUILT_PRODUCTS_DIR; };
		227373C621E0A1E400966850 /* NNCoreAnimation_swiftTests.swift */ = {isa = PBXFileReference; lastKnownFileType = sourcecode.swift; path = NNCoreAnimation_swiftTests.swift; sourceTree = "<group>"; };
		227373C821E0A1E400966850 /* Info.plist */ = {isa = PBXFileReference; lastKnownFileType = text.plist.xml; path = Info.plist; sourceTree = "<group>"; };
		227373CD21E0A1E400966850 /* NNCoreAnimation_swiftUITests.xctest */ = {isa = PBXFileReference; explicitFileType = wrapper.cfbundle; includeInIndex = 0; path = NNCoreAnimation_swiftUITests.xctest; sourceTree = BUILT_PRODUCTS_DIR; };
		227373D121E0A1E400966850 /* NNCoreAnimation_swiftUITests.swift */ = {isa = PBXFileReference; lastKnownFileType = sourcecode.swift; path = NNCoreAnimation_swiftUITests.swift; sourceTree = "<group>"; };
		227373D321E0A1E400966850 /* Info.plist */ = {isa = PBXFileReference; lastKnownFileType = text.plist.xml; path = Info.plist; sourceTree = "<group>"; };
		227373E121E0A24200966850 /* NNBaseViewController.swift */ = {isa = PBXFileReference; fileEncoding = 4; lastKnownFileType = sourcecode.swift; path = NNBaseViewController.swift; sourceTree = "<group>"; };
		227373E321E0A24200966850 /* NNBottomView.swift */ = {isa = PBXFileReference; fileEncoding = 4; lastKnownFileType = sourcecode.swift; path = NNBottomView.swift; sourceTree = "<group>"; };
		227373E421E0A24200966850 /* NNView.swift */ = {isa = PBXFileReference; fileEncoding = 4; lastKnownFileType = sourcecode.swift; path = NNView.swift; sourceTree = "<group>"; };
		227373E821E0A28000966850 /* NNPositionViewController.swift */ = {isa = PBXFileReference; lastKnownFileType = sourcecode.swift; path = NNPositionViewController.swift; sourceTree = "<group>"; };
		227373EA21E0A28B00966850 /* NNScaleViewController.swift */ = {isa = PBXFileReference; lastKnownFileType = sourcecode.swift; path = NNScaleViewController.swift; sourceTree = "<group>"; };
		227373EC21E0A29400966850 /* NNRotationViewController.swift */ = {isa = PBXFileReference; lastKnownFileType = sourcecode.swift; path = NNRotationViewController.swift; sourceTree = "<group>"; };
		227373EE21E0A29C00966850 /* NNOthersViewController.swift */ = {isa = PBXFileReference; lastKnownFileType = sourcecode.swift; path = NNOthersViewController.swift; sourceTree = "<group>"; };
/* End PBXFileReference section */

/* Begin PBXFrameworksBuildPhase section */
		227373A821E0A1E300966850 /* Frameworks */ = {
			isa = PBXFrameworksBuildPhase;
			buildActionMask = 2147483647;
			files = (
			);
			runOnlyForDeploymentPostprocessing = 0;
		};
		227373BF21E0A1E400966850 /* Frameworks */ = {
			isa = PBXFrameworksBuildPhase;
			buildActionMask = 2147483647;
			files = (
			);
			runOnlyForDeploymentPostprocessing = 0;
		};
		227373CA21E0A1E400966850 /* Frameworks */ = {
			isa = PBXFrameworksBuildPhase;
			buildActionMask = 2147483647;
			files = (
			);
			runOnlyForDeploymentPostprocessing = 0;
		};
/* End PBXFrameworksBuildPhase section */

/* Begin PBXGroup section */
		227373A221E0A1E300966850 = {
			isa = PBXGroup;
			children = (
				227373AD21E0A1E300966850 /* NNCoreAnimation_swift */,
				227373C521E0A1E400966850 /* NNCoreAnimation_swiftTests */,
				227373D021E0A1E400966850 /* NNCoreAnimation_swiftUITests */,
				227373AC21E0A1E300966850 /* Products */,
			);
			sourceTree = "<group>";
		};
		227373AC21E0A1E300966850 /* Products */ = {
			isa = PBXGroup;
			children = (
				227373AB21E0A1E300966850 /* NNCoreAnimation_swift.app */,
				227373C221E0A1E400966850 /* NNCoreAnimation_swiftTests.xctest */,
				227373CD21E0A1E400966850 /* NNCoreAnimation_swiftUITests.xctest */,
			);
			name = Products;
			sourceTree = "<group>";
		};
		227373AD21E0A1E300966850 /* NNCoreAnimation_swift */ = {
			isa = PBXGroup;
			children = (
				227373DF21E0A21400966850 /* NNCoreAnimation_swift */,
				227373AE21E0A1E300966850 /* AppDelegate.swift */,
				227373B021E0A1E300966850 /* ViewController.swift */,
				227373B221E0A1E300966850 /* Main.storyboard */,
				227373B821E0A1E400966850 /* Assets.xcassets */,
				227373BA21E0A1E400966850 /* LaunchScreen.storyboard */,
				227373BD21E0A1E400966850 /* Info.plist */,
				227373B521E0A1E300966850 /* NNCoreAnimation_swift.xcdatamodeld */,
			);
			path = NNCoreAnimation_swift;
			sourceTree = "<group>";
		};
		227373C521E0A1E400966850 /* NNCoreAnimation_swiftTests */ = {
			isa = PBXGroup;
			children = (
				227373C621E0A1E400966850 /* NNCoreAnimation_swiftTests.swift */,
				227373C821E0A1E400966850 /* Info.plist */,
			);
			path = NNCoreAnimation_swiftTests;
			sourceTree = "<group>";
		};
		227373D021E0A1E400966850 /* NNCoreAnimation_swiftUITests */ = {
			isa = PBXGroup;
			children = (
				227373D121E0A1E400966850 /* NNCoreAnimation_swiftUITests.swift */,
				227373D321E0A1E400966850 /* Info.plist */,
			);
			path = NNCoreAnimation_swiftUITests;
			sourceTree = "<group>";
		};
		227373DF21E0A21400966850 /* NNCoreAnimation_swift */ = {
			isa = PBXGroup;
			children = (
				227373E021E0A24200966850 /* Controllers */,
				227373E221E0A24200966850 /* Views */,
			);
			path = NNCoreAnimation_swift;
			sourceTree = "<group>";
		};
		227373E021E0A24200966850 /* Controllers */ = {
			isa = PBXGroup;
			children = (
				227373E121E0A24200966850 /* NNBaseViewController.swift */,
				227373E821E0A28000966850 /* NNPositionViewController.swift */,
				227373EA21E0A28B00966850 /* NNScaleViewController.swift */,
				227373EC21E0A29400966850 /* NNRotationViewController.swift */,
				227373EE21E0A29C00966850 /* NNOthersViewController.swift */,
			);
			path = Controllers;
			sourceTree = "<group>";
		};
		227373E221E0A24200966850 /* Views */ = {
			isa = PBXGroup;
			children = (
				227373E321E0A24200966850 /* NNBottomView.swift */,
				227373E421E0A24200966850 /* NNView.swift */,
			);
			path = Views;
			sourceTree = "<group>";
		};
/* End PBXGroup section */

/* Begin PBXNativeTarget section */
		227373AA21E0A1E300966850 /* NNCoreAnimation_swift */ = {
			isa = PBXNativeTarget;
			buildConfigurationList = 227373D621E0A1E400966850 /* Build configuration list for PBXNativeTarget "NNCoreAnimation_swift" */;
			buildPhases = (
				227373A721E0A1E300966850 /* Sources */,
				227373A821E0A1E300966850 /* Frameworks */,
				227373A921E0A1E300966850 /* Resources */,
			);
			buildRules = (
			);
			dependencies = (
			);
			name = NNCoreAnimation_swift;
			productName = NNCoreAnimation_swift;
			productReference = 227373AB21E0A1E300966850 /* NNCoreAnimation_swift.app */;
			productType = "com.apple.product-type.application";
		};
		227373C121E0A1E400966850 /* NNCoreAnimation_swiftTests */ = {
			isa = PBXNativeTarget;
			buildConfigurationList = 227373D921E0A1E400966850 /* Build configuration list for PBXNativeTarget "NNCoreAnimation_swiftTests" */;
			buildPhases = (
				227373BE21E0A1E400966850 /* Sources */,
				227373BF21E0A1E400966850 /* Frameworks */,
				227373C021E0A1E400966850 /* Resources */,
			);
			buildRules = (
			);
			dependencies = (
				227373C421E0A1E400966850 /* PBXTargetDependency */,
			);
			name = NNCoreAnimation_swiftTests;
			productName = NNCoreAnimation_swiftTests;
			productReference = 227373C221E0A1E400966850 /* NNCoreAnimation_swiftTests.xctest */;
			productType = "com.apple.product-type.bundle.unit-test";
		};
		227373CC21E0A1E400966850 /* NNCoreAnimation_swiftUITests */ = {
			isa = PBXNativeTarget;
			buildConfigurationList = 227373DC21E0A1E400966850 /* Build configuration list for PBXNativeTarget "NNCoreAnimation_swiftUITests" */;
			buildPhases = (
				227373C921E0A1E400966850 /* Sources */,
				227373CA21E0A1E400966850 /* Frameworks */,
				227373CB21E0A1E400966850 /* Resources */,
			);
			buildRules = (
			);
			dependencies = (
				227373CF21E0A1E400966850 /* PBXTargetDependency */,
			);
			name = NNCoreAnimation_swiftUITests;
			productName = NNCoreAnimation_swiftUITests;
			productReference = 227373CD21E0A1E400966850 /* NNCoreAnimation_swiftUITests.xctest */;
			productType = "com.apple.product-type.bundle.ui-testing";
		};
/* End PBXNativeTarget section */

/* Begin PBXProject section */
		227373A321E0A1E300966850 /* Project object */ = {
			isa = PBXProject;
			attributes = {
				LastSwiftUpdateCheck = 1010;
				LastUpgradeCheck = 1010;
				ORGANIZATIONNAME = "刘朋坤";
				TargetAttributes = {
					227373AA21E0A1E300966850 = {
						CreatedOnToolsVersion = 10.1;
					};
					227373C121E0A1E400966850 = {
						CreatedOnToolsVersion = 10.1;
						TestTargetID = 227373AA21E0A1E300966850;
					};
					227373CC21E0A1E400966850 = {
						CreatedOnToolsVersion = 10.1;
						TestTargetID = 227373AA21E0A1E300966850;
					};
				};
			};
			buildConfigurationList = 227373A621E0A1E300966850 /* Build configuration list for PBXProject "NNCoreAnimation_swift" */;
			compatibilityVersion = "Xcode 9.3";
			developmentRegion = en;
			hasScannedForEncodings = 0;
			knownRegions = (
				en,
				Base,
			);
			mainGroup = 227373A221E0A1E300966850;
			productRefGroup = 227373AC21E0A1E300966850 /* Products */;
			projectDirPath = "";
			projectRoot = "";
			targets = (
				227373AA21E0A1E300966850 /* NNCoreAnimation_swift */,
				227373C121E0A1E400966850 /* NNCoreAnimation_swiftTests */,
				227373CC21E0A1E400966850 /* NNCoreAnimation_swiftUITests */,
			);
		};
/* End PBXProject section */

/* Begin PBXResourcesBuildPhase section */
		227373A921E0A1E300966850 /* Resources */ = {
			isa = PBXResourcesBuildPhase;
			buildActionMask = 2147483647;
			files = (
				227373BC21E0A1E400966850 /* LaunchScreen.storyboard in Resources */,
				227373B921E0A1E400966850 /* Assets.xcassets in Resources */,
				227373B421E0A1E300966850 /* Main.storyboard in Resources */,
			);
			runOnlyForDeploymentPostprocessing = 0;
		};
		227373C021E0A1E400966850 /* Resources */ = {
			isa = PBXResourcesBuildPhase;
			buildActionMask = 2147483647;
			files = (
			);
			runOnlyForDeploymentPostprocessing = 0;
		};
		227373CB21E0A1E400966850 /* Resources */ = {
			isa = PBXResourcesBuildPhase;
			buildActionMask = 2147483647;
			files = (
			);
			runOnlyForDeploymentPostprocessing = 0;
		};
/* End PBXResourcesBuildPhase section */

/* Begin PBXSourcesBuildPhase section */
		227373A721E0A1E300966850 /* Sources */ = {
			isa = PBXSourcesBuildPhase;
			buildActionMask = 2147483647;
			files = (
				227373E621E0A24200966850 /* NNBottomView.swift in Sources */,
				227373EF21E0A29C00966850 /* NNOthersViewController.swift in Sources */,
				227373ED21E0A29400966850 /* NNRotationViewController.swift in Sources */,
				227373EB21E0A28B00966850 /* NNScaleViewController.swift in Sources */,
				227373E921E0A28000966850 /* NNPositionViewController.swift in Sources */,
				227373B721E0A1E300966850 /* NNCoreAnimation_swift.xcdatamodeld in Sources */,
				227373B121E0A1E300966850 /* ViewController.swift in Sources */,
				227373AF21E0A1E300966850 /* AppDelegate.swift in Sources */,
				227373E721E0A24200966850 /* NNView.swift in Sources */,
				227373E521E0A24200966850 /* NNBaseViewController.swift in Sources */,
			);
			runOnlyForDeploymentPostprocessing = 0;
		};
		227373BE21E0A1E400966850 /* Sources */ = {
			isa = PBXSourcesBuildPhase;
			buildActionMask = 2147483647;
			files = (
				227373C721E0A1E400966850 /* NNCoreAnimation_swiftTests.swift in Sources */,
			);
			runOnlyForDeploymentPostprocessing = 0;
		};
		227373C921E0A1E400966850 /* Sources */ = {
			isa = PBXSourcesBuildPhase;
			buildActionMask = 2147483647;
			files = (
				227373D221E0A1E400966850 /* NNCoreAnimation_swiftUITests.swift in Sources */,
			);
			runOnlyForDeploymentPostprocessing = 0;
		};
/* End PBXSourcesBuildPhase section */

/* Begin PBXTargetDependency section */
		227373C421E0A1E400966850 /* PBXTargetDependency */ = {
			isa = PBXTargetDependency;
			target = 227373AA21E0A1E300966850 /* NNCoreAnimation_swift */;
			targetProxy = 227373C321E0A1E400966850 /* PBXContainerItemProxy */;
		};
		227373CF21E0A1E400966850 /* PBXTargetDependency */ = {
			isa = PBXTargetDependency;
			target = 227373AA21E0A1E300966850 /* NNCoreAnimation_swift */;
			targetProxy = 227373CE21E0A1E400966850 /* PBXContainerItemProxy */;
		};
/* End PBXTargetDependency section */

/* Begin PBXVariantGroup section */
		227373B221E0A1E300966850 /* Main.storyboard */ = {
			isa = PBXVariantGroup;
			children = (
				227373B321E0A1E300966850 /* Base */,
			);
			name = Main.storyboard;
			sourceTree = "<group>";
		};
		227373BA21E0A1E400966850 /* LaunchScreen.storyboard */ = {
			isa = PBXVariantGroup;
			children = (
				227373BB21E0A1E400966850 /* Base */,
			);
			name = LaunchScreen.storyboard;
			sourceTree = "<group>";
		};
/* End PBXVariantGroup section */

/* Begin XCBuildConfiguration section */
		227373D421E0A1E400966850 /* Debug */ = {
			isa = XCBuildConfiguration;
			buildSettings = {
				ALWAYS_SEARCH_USER_PATHS = NO;
				CLANG_ANALYZER_NONNULL = YES;
				CLANG_ANALYZER_NUMBER_OBJECT_CONVERSION = YES_AGGRESSIVE;
				CLANG_CXX_LANGUAGE_STANDARD = "gnu++14";
				CLANG_CXX_LIBRARY = "libc++";
				CLANG_ENABLE_MODULES = YES;
				CLANG_ENABLE_OBJC_ARC = YES;
				CLANG_ENABLE_OBJC_WEAK = YES;
				CLANG_WARN_BLOCK_CAPTURE_AUTORELEASING = YES;
				CLANG_WARN_BOOL_CONVERSION = YES;
				CLANG_WARN_COMMA = YES;
				CLANG_WARN_CONSTANT_CONVERSION = YES;
				CLANG_WARN_DEPRECATED_OBJC_IMPLEMENTATIONS = YES;
				CLANG_WARN_DIRECT_OBJC_ISA_USAGE = YES_ERROR;
				CLANG_WARN_DOCUMENTATION_COMMENTS = YES;
				CLANG_WARN_EMPTY_BODY = YES;
				CLANG_WARN_ENUM_CONVERSION = YES;
				CLANG_WARN_INFINITE_RECURSION = YES;
				CLANG_WARN_INT_CONVERSION = YES;
				CLANG_WARN_NON_LITERAL_NULL_CONVERSION = YES;
				CLANG_WARN_OBJC_IMPLICIT_RETAIN_SELF = YES;
				CLANG_WARN_OBJC_LITERAL_CONVERSION = YES;
				CLANG_WARN_OBJC_ROOT_CLASS = YES_ERROR;
				CLANG_WARN_RANGE_LOOP_ANALYSIS = YES;
				CLANG_WARN_STRICT_PROTOTYPES = YES;
				CLANG_WARN_SUSPICIOUS_MOVE = YES;
				CLANG_WARN_UNGUARDED_AVAILABILITY = YES_AGGRESSIVE;
				CLANG_WARN_UNREACHABLE_CODE = YES;
				CLANG_WARN__DUPLICATE_METHOD_MATCH = YES;
				CODE_SIGN_IDENTITY = "iPhone Developer";
				COPY_PHASE_STRIP = NO;
				DEBUG_INFORMATION_FORMAT = dwarf;
				ENABLE_STRICT_OBJC_MSGSEND = YES;
				ENABLE_TESTABILITY = YES;
				GCC_C_LANGUAGE_STANDARD = gnu11;
				GCC_DYNAMIC_NO_PIC = NO;
				GCC_NO_COMMON_BLOCKS = YES;
				GCC_OPTIMIZATION_LEVEL = 0;
				GCC_PREPROCESSOR_DEFINITIONS = (
					"DEBUG=1",
					"$(inherited)",
				);
				GCC_WARN_64_TO_32_BIT_CONVERSION = YES;
				GCC_WARN_ABOUT_RETURN_TYPE = YES_ERROR;
				GCC_WARN_UNDECLARED_SELECTOR = YES;
				GCC_WARN_UNINITIALIZED_AUTOS = YES_AGGRESSIVE;
				GCC_WARN_UNUSED_FUNCTION = YES;
				GCC_WARN_UNUSED_VARIABLE = YES;
				IPHONEOS_DEPLOYMENT_TARGET = 12.1;
				MTL_ENABLE_DEBUG_INFO = INCLUDE_SOURCE;
				MTL_FAST_MATH = YES;
				ONLY_ACTIVE_ARCH = YES;
				SDKROOT = iphoneos;
				SWIFT_ACTIVE_COMPILATION_CONDITIONS = DEBUG;
				SWIFT_OPTIMIZATION_LEVEL = "-Onone";
			};
			name = Debug;
		};
		227373D521E0A1E400966850 /* Release */ = {
			isa = XCBuildConfiguration;
			buildSettings = {
				ALWAYS_SEARCH_USER_PATHS = NO;
				CLANG_ANALYZER_NONNULL = YES;
				CLANG_ANALYZER_NUMBER_OBJECT_CONVERSION = YES_AGGRESSIVE;
				CLANG_CXX_LANGUAGE_STANDARD = "gnu++14";
				CLANG_CXX_LIBRARY = "libc++";
				CLANG_ENABLE_MODULES = YES;
				CLANG_ENABLE_OBJC_ARC = YES;
				CLANG_ENABLE_OBJC_WEAK = YES;
				CLANG_WARN_BLOCK_CAPTURE_AUTORELEASING = YES;
				CLANG_WARN_BOOL_CONVERSION = YES;
				CLANG_WARN_COMMA = YES;
				CLANG_WARN_CONSTANT_CONVERSION = YES;
				CLANG_WARN_DEPRECATED_OBJC_IMPLEMENTATIONS = YES;
				CLANG_WARN_DIRECT_OBJC_ISA_USAGE = YES_ERROR;
				CLANG_WARN_DOCUMENTATION_COMMENTS = YES;
				CLANG_WARN_EMPTY_BODY = YES;
				CLANG_WARN_ENUM_CONVERSION = YES;
				CLANG_WARN_INFINITE_RECURSION = YES;
				CLANG_WARN_INT_CONVERSION = YES;
				CLANG_WARN_NON_LITERAL_NULL_CONVERSION = YES;
				CLANG_WARN_OBJC_IMPLICIT_RETAIN_SELF = YES;
				CLANG_WARN_OBJC_LITERAL_CONVERSION = YES;
				CLANG_WARN_OBJC_ROOT_CLASS = YES_ERROR;
				CLANG_WARN_RANGE_LOOP_ANALYSIS = YES;
				CLANG_WARN_STRICT_PROTOTYPES = YES;
				CLANG_WARN_SUSPICIOUS_MOVE = YES;
				CLANG_WARN_UNGUARDED_AVAILABILITY = YES_AGGRESSIVE;
				CLANG_WARN_UNREACHABLE_CODE = YES;
				CLANG_WARN__DUPLICATE_METHOD_MATCH = YES;
				CODE_SIGN_IDENTITY = "iPhone Developer";
				COPY_PHASE_STRIP = NO;
				DEBUG_INFORMATION_FORMAT = "dwarf-with-dsym";
				ENABLE_NS_ASSERTIONS = NO;
				ENABLE_STRICT_OBJC_MSGSEND = YES;
				GCC_C_LANGUAGE_STANDARD = gnu11;
				GCC_NO_COMMON_BLOCKS = YES;
				GCC_WARN_64_TO_32_BIT_CONVERSION = YES;
				GCC_WARN_ABOUT_RETURN_TYPE = YES_ERROR;
				GCC_WARN_UNDECLARED_SELECTOR = YES;
				GCC_WARN_UNINITIALIZED_AUTOS = YES_AGGRESSIVE;
				GCC_WARN_UNUSED_FUNCTION = YES;
				GCC_WARN_UNUSED_VARIABLE = YES;
				IPHONEOS_DEPLOYMENT_TARGET = 12.1;
				MTL_ENABLE_DEBUG_INFO = NO;
				MTL_FAST_MATH = YES;
				SDKROOT = iphoneos;
				SWIFT_COMPILATION_MODE = wholemodule;
				SWIFT_OPTIMIZATION_LEVEL = "-O";
				VALIDATE_PRODUCT = YES;
			};
			name = Release;
		};
		227373D721E0A1E400966850 /* Debug */ = {
			isa = XCBuildConfiguration;
			buildSettings = {
				ASSETCATALOG_COMPILER_APPICON_NAME = AppIcon;
				CODE_SIGN_STYLE = Automatic;
				INFOPLIST_FILE = NNCoreAnimation_swift/Info.plist;
				LD_RUNPATH_SEARCH_PATHS = (
					"$(inherited)",
					"@executable_path/Frameworks",
				);
				PRODUCT_BUNDLE_IDENTIFIER = "liupengkun.NNCoreAnimation-swift";
				PRODUCT_NAME = "$(TARGET_NAME)";
				SWIFT_VERSION = 4.2;
				TARGETED_DEVICE_FAMILY = "1,2";
			};
			name = Debug;
		};
		227373D821E0A1E400966850 /* Release */ = {
			isa = XCBuildConfiguration;
			buildSettings = {
				ASSETCATALOG_COMPILER_APPICON_NAME = AppIcon;
				CODE_SIGN_STYLE = Automatic;
				INFOPLIST_FILE = NNCoreAnimation_swift/Info.plist;
				LD_RUNPATH_SEARCH_PATHS = (
					"$(inherited)",
					"@executable_path/Frameworks",
				);
				PRODUCT_BUNDLE_IDENTIFIER = "liupengkun.NNCoreAnimation-swift";
				PRODUCT_NAME = "$(TARGET_NAME)";
				SWIFT_VERSION = 4.2;
				TARGETED_DEVICE_FAMILY = "1,2";
			};
			name = Release;
		};
		227373DA21E0A1E400966850 /* Debug */ = {
			isa = XCBuildConfiguration;
			buildSettings = {
				ALWAYS_EMBED_SWIFT_STANDARD_LIBRARIES = YES;
				BUNDLE_LOADER = "$(TEST_HOST)";
				CODE_SIGN_STYLE = Automatic;
				INFOPLIST_FILE = NNCoreAnimation_swiftTests/Info.plist;
				LD_RUNPATH_SEARCH_PATHS = (
					"$(inherited)",
					"@executable_path/Frameworks",
					"@loader_path/Frameworks",
				);
				PRODUCT_BUNDLE_IDENTIFIER = "liupengkun.NNCoreAnimation-swiftTests";
				PRODUCT_NAME = "$(TARGET_NAME)";
				SWIFT_VERSION = 4.2;
				TARGETED_DEVICE_FAMILY = "1,2";
				TEST_HOST = "$(BUILT_PRODUCTS_DIR)/NNCoreAnimation_swift.app/NNCoreAnimation_swift";
			};
			name = Debug;
		};
		227373DB21E0A1E400966850 /* Release */ = {
			isa = XCBuildConfiguration;
			buildSettings = {
				ALWAYS_EMBED_SWIFT_STANDARD_LIBRARIES = YES;
				BUNDLE_LOADER = "$(TEST_HOST)";
				CODE_SIGN_STYLE = Automatic;
				INFOPLIST_FILE = NNCoreAnimation_swiftTests/Info.plist;
				LD_RUNPATH_SEARCH_PATHS = (
					"$(inherited)",
					"@executable_path/Frameworks",
					"@loader_path/Frameworks",
				);
				PRODUCT_BUNDLE_IDENTIFIER = "liupengkun.NNCoreAnimation-swiftTests";
				PRODUCT_NAME = "$(TARGET_NAME)";
				SWIFT_VERSION = 4.2;
				TARGETED_DEVICE_FAMILY = "1,2";
				TEST_HOST = "$(BUILT_PRODUCTS_DIR)/NNCoreAnimation_swift.app/NNCoreAnimation_swift";
			};
			name = Release;
		};
		227373DD21E0A1E400966850 /* Debug */ = {
			isa = XCBuildConfiguration;
			buildSettings = {
				ALWAYS_EMBED_SWIFT_STANDARD_LIBRARIES = YES;
				CODE_SIGN_STYLE = Automatic;
				INFOPLIST_FILE = NNCoreAnimation_swiftUITests/Info.plist;
				LD_RUNPATH_SEARCH_PATHS = (
					"$(inherited)",
					"@executable_path/Frameworks",
					"@loader_path/Frameworks",
				);
				PRODUCT_BUNDLE_IDENTIFIER = "liupengkun.NNCoreAnimation-swiftUITests";
				PRODUCT_NAME = "$(TARGET_NAME)";
				SWIFT_VERSION = 4.2;
				TARGETED_DEVICE_FAMILY = "1,2";
				TEST_TARGET_NAME = NNCoreAnimation_swift;
			};
			name = Debug;
		};
		227373DE21E0A1E400966850 /* Release */ = {
			isa = XCBuildConfiguration;
			buildSettings = {
				ALWAYS_EMBED_SWIFT_STANDARD_LIBRARIES = YES;
				CODE_SIGN_STYLE = Automatic;
				INFOPLIST_FILE = NNCoreAnimation_swiftUITests/Info.plist;
				LD_RUNPATH_SEARCH_PATHS = (
					"$(inherited)",
					"@executable_path/Frameworks",
					"@loader_path/Frameworks",
				);
				PRODUCT_BUNDLE_IDENTIFIER = "liupengkun.NNCoreAnimation-swiftUITests";
				PRODUCT_NAME = "$(TARGET_NAME)";
				SWIFT_VERSION = 4.2;
				TARGETED_DEVICE_FAMILY = "1,2";
				TEST_TARGET_NAME = NNCoreAnimation_swift;
			};
			name = Release;
		};
/* End XCBuildConfiguration section */

/* Begin XCConfigurationList section */
		227373A621E0A1E300966850 /* Build configuration list for PBXProject "NNCoreAnimation_swift" */ = {
			isa = XCConfigurationList;
			buildConfigurations = (
				227373D421E0A1E400966850 /* Debug */,
				227373D521E0A1E400966850 /* Release */,
			);
			defaultConfigurationIsVisible = 0;
			defaultConfigurationName = Release;
		};
		227373D621E0A1E400966850 /* Build configuration list for PBXNativeTarget "NNCoreAnimation_swift" */ = {
			isa = XCConfigurationList;
			buildConfigurations = (
				227373D721E0A1E400966850 /* Debug */,
				227373D821E0A1E400966850 /* Release */,
			);
			defaultConfigurationIsVisible = 0;
			defaultConfigurationName = Release;
		};
		227373D921E0A1E400966850 /* Build configuration list for PBXNativeTarget "NNCoreAnimation_swiftTests" */ = {
			isa = XCConfigurationList;
			buildConfigurations = (
				227373DA21E0A1E400966850 /* Debug */,
				227373DB21E0A1E400966850 /* Release */,
			);
			defaultConfigurationIsVisible = 0;
			defaultConfigurationName = Release;
		};
		227373DC21E0A1E400966850 /* Build configuration list for PBXNativeTarget "NNCoreAnimation_swiftUITests" */ = {
			isa = XCConfigurationList;
			buildConfigurations = (
				227373DD21E0A1E400966850 /* Debug */,
				227373DE21E0A1E400966850 /* Release */,
			);
			defaultConfigurationIsVisible = 0;
			defaultConfigurationName = Release;
		};
/* End XCConfigurationList section */

/* Begin XCVersionGroup section */
		227373B521E0A1E300966850 /* NNCoreAnimation_swift.xcdatamodeld */ = {
			isa = XCVersionGroup;
			children = (
				227373B621E0A1E300966850 /* NNCoreAnimation_swift.xcdatamodel */,
			);
			currentVersion = 227373B621E0A1E300966850 /* NNCoreAnimation_swift.xcdatamodel */;
			path = NNCoreAnimation_swift.xcdatamodeld;
			sourceTree = "<group>";
			versionGroupType = wrapper.xcdatamodel;
		};
/* End XCVersionGroup section */
	};
	rootObject = 227373A321E0A1E300966850 /* Project object */;
}
